
Microsoft Visual Studio Solution File, Format Version 12.00
# Visual Studio Version 17
VisualStudioVersion = 17.14.36518.9 d17.14
MinimumVisualStudioVersion = 10.0.40219.1
Project("{FAE04EC0-301F-11D3-BF4B-00C04F79EFBC}") = "QuizGame", "QuizGame\QuizGame.csproj", "{4D061B95-CC4E-4CF4-97D8-414F4BB2E18E}"
EndProject
Global
	GlobalSection(SolutionConfigurationPlatforms) = preSolution
		Debug|Any CPU = Debug|Any CPU
		Release|Any CPU = Release|Any CPU
	EndGlobalSection
	GlobalSection(ProjectConfigurationPlatforms) = postSolution
		{4D061B95-CC4E-4CF4-97D8-414F4BB2E18E}.Debug|Any CPU.ActiveCfg = Debug|Any CPU
		{4D061B95-CC4E-4CF4-97D8-414F4BB2E18E}.Debug|Any CPU.Build.0 = Debug|Any CPU
		{4D061B95-CC4E-4CF4-97D8-414F4BB2E18E}.Release|Any CPU.ActiveCfg = Release|Any CPU
		{4D061B95-CC4E-4CF4-97D8-414F4BB2E18E}.Release|Any CPU.Build.0 = Release|Any CPU
	EndGlobalSection
	GlobalSection(SolutionProperties) = preSolution
		HideSolutionNode = FALSE
	EndGlobalSection
	GlobalSection(ExtensibilityGlobals) = postSolution
		SolutionGuid = {176B0ADD-D1A8-4073-8455-99F7CBEA04FA}
	EndGlobalSection
EndGlobal
